
Microsoft Visual Studio Solution File, Format Version 12.00
# Visual Studio Version 16
VisualStudioVersion = 16.0.30114.105
MinimumVisualStudioVersion = 10.0.40219.1
Project("{2150E333-8FDC-42A3-9474-1A3956D46DE8}") = "src", "src", "{8E145240-A5A7-46A0-9287-2F7CB9C7D32E}"
EndProject
Project("{2150E333-8FDC-42A3-9474-1A3956D46DE8}") = "test", "test", "{17E8AC4D-CE2D-44D3-B3A0-BAC62B7BC29D}"
	ProjectSection(SolutionItems) = preProject
		test\api-grpc-endpoints.http = test\api-grpc-endpoints.http
		test\http-client.env.json = test\http-client.env.json
	EndProjectSection
EndProject
Project("{FAE04EC0-301F-11D3-BF4B-00C04F79EFBC}") = "Blog.ActivityHub.Api", "src\Blog.ActivityHub.Api\Blog.ActivityHub.Api.csproj", "{6AC5BFD9-B248-4290-973A-D0C148645478}"
EndProject
Project("{FAE04EC0-301F-11D3-BF4B-00C04F79EFBC}") = "Blog.ActivityHub.Contracts", "src\Blog.ActivityHub.Contracts\Blog.ActivityHub.Contracts.csproj", "{45F610CE-EC96-4843-9305-9ABE30731F61}"
EndProject
Project("{FAE04EC0-301F-11D3-BF4B-00C04F79EFBC}") = "Blog.ActivityHub.Web", "src\Blog.ActivityHub.Web\Blog.ActivityHub.Web.csproj", "{AE185F6C-A034-42DB-8028-6190FA5EF2ED}"
EndProject
Project("{FAE04EC0-301F-11D3-BF4B-00C04F79EFBC}") = "Blog.ActivityHub.Api.Tests", "test\Blog.ActivityHub.Api.Tests\Blog.ActivityHub.Api.Tests.csproj", "{27964CEB-4C60-43C2-BA40-183CE8DEDDB3}"
EndProject
Project("{2150E333-8FDC-42A3-9474-1A3956D46DE8}") = "solution items", "solution items", "{2EBFFEF9-E4BF-4C60-9A8C-684064DCA395}"
	ProjectSection(SolutionItems) = preProject
		.gitignore = .gitignore
		.github\workflows\ci.yml = .github\workflows\ci.yml
		.github\dependabot.yml = .github\dependabot.yml
		api.Dockerfile = api.Dockerfile
		app.Dockerfile = app.Dockerfile
		README.md = README.md
		nuget.config = nuget.config
	EndProjectSection
EndProject
Global
	GlobalSection(SolutionConfigurationPlatforms) = preSolution
		Debug|Any CPU = Debug|Any CPU
		Release|Any CPU = Release|Any CPU
	EndGlobalSection
	GlobalSection(SolutionProperties) = preSolution
		HideSolutionNode = FALSE
	EndGlobalSection
	GlobalSection(NestedProjects) = preSolution
		{6AC5BFD9-B248-4290-973A-D0C148645478} = {8E145240-A5A7-46A0-9287-2F7CB9C7D32E}
		{45F610CE-EC96-4843-9305-9ABE30731F61} = {8E145240-A5A7-46A0-9287-2F7CB9C7D32E}
		{AE185F6C-A034-42DB-8028-6190FA5EF2ED} = {8E145240-A5A7-46A0-9287-2F7CB9C7D32E}
		{27964CEB-4C60-43C2-BA40-183CE8DEDDB3} = {17E8AC4D-CE2D-44D3-B3A0-BAC62B7BC29D}
	EndGlobalSection
	GlobalSection(ProjectConfigurationPlatforms) = postSolution
		{6AC5BFD9-B248-4290-973A-D0C148645478}.Debug|Any CPU.ActiveCfg = Debug|Any CPU
		{6AC5BFD9-B248-4290-973A-D0C148645478}.Debug|Any CPU.Build.0 = Debug|Any CPU
		{6AC5BFD9-B248-4290-973A-D0C148645478}.Release|Any CPU.ActiveCfg = Release|Any CPU
		{6AC5BFD9-B248-4290-973A-D0C148645478}.Release|Any CPU.Build.0 = Release|Any CPU
		{45F610CE-EC96-4843-9305-9ABE30731F61}.Debug|Any CPU.ActiveCfg = Debug|Any CPU
		{45F610CE-EC96-4843-9305-9ABE30731F61}.Debug|Any CPU.Build.0 = Debug|Any CPU
		{45F610CE-EC96-4843-9305-9ABE30731F61}.Release|Any CPU.ActiveCfg = Release|Any CPU
		{45F610CE-EC96-4843-9305-9ABE30731F61}.Release|Any CPU.Build.0 = Release|Any CPU
		{AE185F6C-A034-42DB-8028-6190FA5EF2ED}.Debug|Any CPU.ActiveCfg = Debug|Any CPU
		{AE185F6C-A034-42DB-8028-6190FA5EF2ED}.Debug|Any CPU.Build.0 = Debug|Any CPU
		{AE185F6C-A034-42DB-8028-6190FA5EF2ED}.Release|Any CPU.ActiveCfg = Release|Any CPU
		{AE185F6C-A034-42DB-8028-6190FA5EF2ED}.Release|Any CPU.Build.0 = Release|Any CPU
		{27964CEB-4C60-43C2-BA40-183CE8DEDDB3}.Debug|Any CPU.ActiveCfg = Debug|Any CPU
		{27964CEB-4C60-43C2-BA40-183CE8DEDDB3}.Debug|Any CPU.Build.0 = Debug|Any CPU
		{27964CEB-4C60-43C2-BA40-183CE8DEDDB3}.Release|Any CPU.ActiveCfg = Release|Any CPU
		{27964CEB-4C60-43C2-BA40-183CE8DEDDB3}.Release|Any CPU.Build.0 = Release|Any CPU
	EndGlobalSection
EndGlobal
